
Microsoft Visual Studio Solution File, Format Version 12.00
# Visual Studio Version 17
VisualStudioVersion = 17.7.34202.233
MinimumVisualStudioVersion = 10.0.40219.1
Project("{9A19103F-16F7-4668-BE54-9A1E7A4F7556}") = "RazorPages", "RazorPages\RazorPages.csproj", "{256366D0-733F-4EEC-92BF-2FD7E6620F24}"
EndProject
Project("{9A19103F-16F7-4668-BE54-9A1E7A4F7556}") = "DataModel", "DataModel\DataModel.csproj", "{CEDA8716-B784-454A-A3DB-C3380434C750}"
EndProject
Project("{2150E333-8FDC-42A3-9474-1A3956D46DE8}") = "Solution Items", "Solution Items", "{7F6FB89F-F5EC-42D8-806A-2990B79AC263}"
	ProjectSection(SolutionItems) = preProject
		README.md = README.md
	EndProjectSection
EndProject
Global
	GlobalSection(SolutionConfigurationPlatforms) = preSolution
		Debug|Any CPU = Debug|Any CPU
		Release|Any CPU = Release|Any CPU
	EndGlobalSection
	GlobalSection(ProjectConfigurationPlatforms) = postSolution
		{256366D0-733F-4EEC-92BF-2FD7E6620F24}.Debug|Any CPU.ActiveCfg = Debug|Any CPU
		{256366D0-733F-4EEC-92BF-2FD7E6620F24}.Debug|Any CPU.Build.0 = Debug|Any CPU
		{256366D0-733F-4EEC-92BF-2FD7E6620F24}.Release|Any CPU.ActiveCfg = Release|Any CPU
		{256366D0-733F-4EEC-92BF-2FD7E6620F24}.Release|Any CPU.Build.0 = Release|Any CPU
		{CEDA8716-B784-454A-A3DB-C3380434C750}.Debug|Any CPU.ActiveCfg = Debug|Any CPU
		{CEDA8716-B784-454A-A3DB-C3380434C750}.Debug|Any CPU.Build.0 = Debug|Any CPU
		{CEDA8716-B784-454A-A3DB-C3380434C750}.Release|Any CPU.ActiveCfg = Release|Any CPU
		{CEDA8716-B784-454A-A3DB-C3380434C750}.Release|Any CPU.Build.0 = Release|Any CPU
	EndGlobalSection
	GlobalSection(SolutionProperties) = preSolution
		HideSolutionNode = FALSE
	EndGlobalSection
	GlobalSection(ExtensibilityGlobals) = postSolution
		SolutionGuid = {10F3058F-B70C-40B6-B981-305CB55DF73A}
	EndGlobalSection
EndGlobal
